
Microsoft Visual Studio Solution File, Format Version 12.00
# Visual Studio 15
VisualStudioVersion = 15.0.26206.0
MinimumVisualStudioVersion = 10.0.40219.1
Project("{FAE04EC0-301F-11D3-BF4B-00C04F79EFBC}") = "ValueChangedGanerator", "ValueChangedGanerator\ValueChangedGanerator\ValueChangedGanerator.csproj", "{BD0139D4-A9D9-42EC-8DE2-DFF5D441506A}"
EndProject
Project("{FAE04EC0-301F-11D3-BF4B-00C04F79EFBC}") = "ValueChangedGanerator.Test", "ValueChangedGanerator\ValueChangedGanerator.Test\ValueChangedGanerator.Test.csproj", "{E6018627-1CC5-489B-A617-505420693811}"
EndProject
Project("{FAE04EC0-301F-11D3-BF4B-00C04F79EFBC}") = "ValueChangedGanerator.Vsix", "ValueChangedGanerator\ValueChangedGanerator.Vsix\ValueChangedGanerator.Vsix.csproj", "{100C8E81-3884-4D94-9A77-CAB00FBE5013}"
EndProject
Global
	GlobalSection(SolutionConfigurationPlatforms) = preSolution
		Debug|Any CPU = Debug|Any CPU
		Release|Any CPU = Release|Any CPU
	EndGlobalSection
	GlobalSection(ProjectConfigurationPlatforms) = postSolution
		{BD0139D4-A9D9-42EC-8DE2-DFF5D441506A}.Debug|Any CPU.ActiveCfg = Debug|Any CPU
		{BD0139D4-A9D9-42EC-8DE2-DFF5D441506A}.Debug|Any CPU.Build.0 = Debug|Any CPU
		{BD0139D4-A9D9-42EC-8DE2-DFF5D441506A}.Release|Any CPU.ActiveCfg = Release|Any CPU
		{BD0139D4-A9D9-42EC-8DE2-DFF5D441506A}.Release|Any CPU.Build.0 = Release|Any CPU
		{E6018627-1CC5-489B-A617-505420693811}.Debug|Any CPU.ActiveCfg = Debug|Any CPU
		{E6018627-1CC5-489B-A617-505420693811}.Debug|Any CPU.Build.0 = Debug|Any CPU
		{E6018627-1CC5-489B-A617-505420693811}.Release|Any CPU.ActiveCfg = Release|Any CPU
		{E6018627-1CC5-489B-A617-505420693811}.Release|Any CPU.Build.0 = Release|Any CPU
		{100C8E81-3884-4D94-9A77-CAB00FBE5013}.Debug|Any CPU.ActiveCfg = Debug|Any CPU
		{100C8E81-3884-4D94-9A77-CAB00FBE5013}.Debug|Any CPU.Build.0 = Debug|Any CPU
		{100C8E81-3884-4D94-9A77-CAB00FBE5013}.Release|Any CPU.ActiveCfg = Release|Any CPU
		{100C8E81-3884-4D94-9A77-CAB00FBE5013}.Release|Any CPU.Build.0 = Release|Any CPU
	EndGlobalSection
	GlobalSection(SolutionProperties) = preSolution
		HideSolutionNode = FALSE
	EndGlobalSection
EndGlobal
